{
  "requires": true,
  "lockfileVersion": 1,
  "dependencies": {
    "vuetify-media-player": {
      "version": "0.8.1",
      "resolved": "https://registry.npmjs.org/vuetify-media-player/-/vuetify-media-player-0.8.1.tgz",
      "integrity": "sha512-h+e6YlG4eYy3/x0p9iCrlgUQlD+txW8tQWUUjzYOBE5APG17IZV0YMGOIYGbD1NPJcq8S05yykHX8VdHfpqFWg=="
    }
  }
}
